{
  "version": 4,
  "terraform_version": "0.12.18",
  "serial": 3,
  "lineage": "df95ed5e-699b-30ab-e8e5-567d8e5028c1",
  "outputs": {},
  "resources": [
    {
      "mode": "managed",
      "type": "google_container_cluster",
      "name": "primary",
      "provider": "provider.google",
      "instances": [
        {
          "schema_version": 1,
          "attributes": {
            "additional_zones": null,
            "addons_config": [
              {
                "horizontal_pod_autoscaling": [],
                "http_load_balancing": [],
                "kubernetes_dashboard": [],
                "network_policy_config": [
                  {
                    "disabled": true
                  }
                ]
              }
            ],
            "authenticator_groups_config": [],
            "cluster_autoscaling": [
              {
                "auto_provisioning_defaults": [],
                "enabled": false,
                "resource_limits": []
              }
            ],
            "cluster_ipv4_cidr": "10.32.0.0/14",
            "default_max_pods_per_node": 110,
            "description": "",
            "enable_binary_authorization": null,
            "enable_intranode_visibility": null,
            "enable_kubernetes_alpha": false,
            "enable_legacy_abac": false,
            "enable_tpu": null,
            "endpoint": "104.196.103.54",
            "id": "projects/silken-math-197521/locations/us-east1/clusters/naga-aks-cluster",
            "initial_node_count": 1,
            "instance_group_urls": [],
            "ip_allocation_policy": [],
            "location": "us-east1",
            "logging_service": "logging.googleapis.com/kubernetes",
            "maintenance_policy": [],
            "master_auth": [
              {
                "client_certificate": "",
                "client_certificate_config": [
                  {
                    "issue_client_certificate": false
                  }
                ],
                "client_key": "",
                "cluster_ca_certificate": "LS0tLS1CRUdJTiBDRVJUSUZJQ0FURS0tLS0tCk1JSURERENDQWZTZ0F3SUJBZ0lSQUp1bHhMY1p1Ym12NkF3S2RBTHFlVU13RFFZSktvWklodmNOQVFFTEJRQXcKTHpFdE1Dc0dBMVVFQXhNa1ptUTVNalZqWldFdE9UY3pNQzAwWW1RNExXRTFNR1V0WW1ZM09URmlPREEyWkRVMQpNQjRYRFRFNU1USXlNakExTVRjeU9Gb1hEVEkwTVRJeU1EQTJNVGN5T0Zvd0x6RXRNQ3NHQTFVRUF4TWtabVE1Ck1qVmpaV0V0T1Rjek1DMDBZbVE0TFdFMU1HVXRZbVkzT1RGaU9EQTJaRFUxTUlJQklqQU5CZ2txaGtpRzl3MEIKQVFFRkFBT0NBUThBTUlJQkNnS0NBUUVBMUhSSFdYaWtTeG5pQWprWDBkWGd4K09Vckx1UEJ1UDVmdEpZdmE0SgorYitnQmhCWkkxQzlHbWw1dW00amJqQ3EyNmdlMVFYVDFlR1ZFSEdqNkRDb3hMUTJhckRXREJTY0dKVHd6N3hTClVPMWVKbUdlZkxhLzVqRUt3Z1NBMW5iU1NNVklYYTBYeEVLTHorcUgwUkxyRlU3a3VKSUs0UVFnNmRTaC9ueFEKbVpMdFlPWlF6c3paWTVXOXQvN0NaTVM2Z3R1U2puVzh6RVk0NUtVeGw4eGVIMms2VTEzd1V0NWlZbG55UWpxbAo3SzM5TUJsd29TTHRLNDhjblNLVXdUcGN4VFVKSzlQcGhNczdVcTR6N1ZMamY2NkhxbGJSSlIweG9zZi9pNllRCklXeFcra1ZETDRlVmlQZy9Uclo4UzVtRTNiWWhZV0MzVGljNDJYWGFHbUNUbndJREFRQUJveU13SVRBT0JnTlYKSFE4QkFmOEVCQU1DQWdRd0R3WURWUjBUQVFIL0JBVXdBd0VCL3pBTkJna3Foa2lHOXcwQkFRc0ZBQU9DQVFFQQpzelhJVW1ZVnR5M0IvVW50ZFVzc3Zzakk3d2Y0bjcyT2VHTHBmTy8xYzFHejgrN2tKVFF6cjFNTFN5VG8rVk1LCi9rVS9RR2J4YkdPa0gwTXpodjVDdVBJYnJZZmZudkVlL3FrNWxrRlhUTERWajF1MEhUVndPVnkyeVkzdGNnenMKM1E4L2I3UXNabmRzeXdVLzFsZ0EwcXR1M0RiYld5ajlrU2FkVVhYV2VpSVY2QnFodXpBa3gwNVg3L0hYTm1kdgpQV2JPc3pESTNOM3RtTjk5YWZzaXIycmFmbm44VTA0MzROK1pOcVU2MXVZa3pYUVRibmkrSi84L2ZaZHNZcXZRCmJVMnpsZWlVbkZ6TFhsekUwTWU0NytXak9pSXRsN2RBd2hOTVBmemNrUkx4ZElZdnQ2Y2JuU1ArMGNOT2RERksKZkVhVlJ5Nm1ZL1BjN01xd1ZLSllLQT09Ci0tLS0tRU5EIENFUlRJRklDQVRFLS0tLS0K",
                "password": "test-pass123456!",
                "username": "naga"
              }
            ],
            "master_authorized_networks_config": [],
            "master_version": "1.13.11-gke.14",
            "min_master_version": null,
            "monitoring_service": "monitoring.googleapis.com/kubernetes",
            "name": "naga-aks-cluster",
            "network": "projects/silken-math-197521/global/networks/default",
            "network_policy": [
              {
                "enabled": false,
                "provider": "PROVIDER_UNSPECIFIED"
              }
            ],
            "node_config": [],
            "node_locations": [
              "us-east1-b",
              "us-east1-c",
              "us-east1-d"
            ],
            "node_pool": [],
            "node_version": "1.13.11-gke.14",
            "pod_security_policy_config": [],
            "private_cluster_config": [],
            "project": "silken-math-197521",
            "region": null,
            "remove_default_node_pool": true,
            "resource_labels": null,
            "services_ipv4_cidr": "10.35.240.0/20",
            "subnetwork": "projects/silken-math-197521/regions/us-east1/subnetworks/default",
            "timeouts": null,
            "vertical_pod_autoscaling": [],
            "zone": null
          },
          "private": "eyJlMmJmYjczMC1lY2FhLTExZTYtOGY4OC0zNDM2M2JjN2M0YzAiOnsiY3JlYXRlIjoyNDAwMDAwMDAwMDAwLCJkZWxldGUiOjI0MDAwMDAwMDAwMDAsInVwZGF0ZSI6MzYwMDAwMDAwMDAwMH0sInNjaGVtYV92ZXJzaW9uIjoiMSJ9"
        }
      ]
    }
  ]
}
